
Microsoft Visual Studio Solution File, Format Version 12.00
# Visual Studio 2013
VisualStudioVersion = 12.0.21005.1
MinimumVisualStudioVersion = 10.0.40219.1
Project("{FAE04EC0-301F-11D3-BF4B-00C04F79EFBC}") = "ESimSol.BusinessObjects", "ESimSol.BusinessObjects\ESimSol.BusinessObjects.csproj", "{F21B377D-6807-4672-B8BB-6BF565298BD5}"
EndProject
Project("{FAE04EC0-301F-11D3-BF4B-00C04F79EFBC}") = "ESimSol.Services", "ESimSol.Services\ESimSol.Services.csproj", "{FEEA0BAC-5710-4370-BB65-DF3048466FCD}"
EndProject
Project("{FAE04EC0-301F-11D3-BF4B-00C04F79EFBC}") = "ESimSolFinancial", "ESimSolFinancial\ESimSolFinancial.csproj", "{A80717A9-DBD1-49BF-87F7-492C5CDEE992}"
EndProject
Project("{FAE04EC0-301F-11D3-BF4B-00C04F79EFBC}") = "ESimSol.Reports", "ESimSol.Reports\ESimSol.Reports.csproj", "{1EF3B2EA-5C78-463B-A28D-7D5F734B7050}"
EndProject
Project("{FAE04EC0-301F-11D3-BF4B-00C04F79EFBC}") = "ICS.Core", "ICS.Core\ICS.Core.csproj", "{AC01C554-00D1-469A-9A47-2E70B9A70358}"
EndProject
Project("{FAE04EC0-301F-11D3-BF4B-00C04F79EFBC}") = "PdfReportGenerator", "PdfReportGenerator\PdfReportGenerator.csproj", "{16E4EE9E-3A54-41CD-B503-974B8CF8448E}"
EndProject
Global
	GlobalSection(SolutionConfigurationPlatforms) = preSolution
		Debug|Any CPU = Debug|Any CPU
		Release|Any CPU = Release|Any CPU
	EndGlobalSection
	GlobalSection(ProjectConfigurationPlatforms) = postSolution
		{F21B377D-6807-4672-B8BB-6BF565298BD5}.Debug|Any CPU.ActiveCfg = Debug|Any CPU
		{F21B377D-6807-4672-B8BB-6BF565298BD5}.Debug|Any CPU.Build.0 = Debug|Any CPU
		{F21B377D-6807-4672-B8BB-6BF565298BD5}.Release|Any CPU.ActiveCfg = Release|Any CPU
		{F21B377D-6807-4672-B8BB-6BF565298BD5}.Release|Any CPU.Build.0 = Release|Any CPU
		{FEEA0BAC-5710-4370-BB65-DF3048466FCD}.Debug|Any CPU.ActiveCfg = Debug|Any CPU
		{FEEA0BAC-5710-4370-BB65-DF3048466FCD}.Debug|Any CPU.Build.0 = Debug|Any CPU
		{FEEA0BAC-5710-4370-BB65-DF3048466FCD}.Release|Any CPU.ActiveCfg = Release|Any CPU
		{FEEA0BAC-5710-4370-BB65-DF3048466FCD}.Release|Any CPU.Build.0 = Release|Any CPU
		{A80717A9-DBD1-49BF-87F7-492C5CDEE992}.Debug|Any CPU.ActiveCfg = Debug|Any CPU
		{A80717A9-DBD1-49BF-87F7-492C5CDEE992}.Debug|Any CPU.Build.0 = Debug|Any CPU
		{A80717A9-DBD1-49BF-87F7-492C5CDEE992}.Release|Any CPU.ActiveCfg = Release|Any CPU
		{A80717A9-DBD1-49BF-87F7-492C5CDEE992}.Release|Any CPU.Build.0 = Release|Any CPU
		{1EF3B2EA-5C78-463B-A28D-7D5F734B7050}.Debug|Any CPU.ActiveCfg = Debug|Any CPU
		{1EF3B2EA-5C78-463B-A28D-7D5F734B7050}.Debug|Any CPU.Build.0 = Debug|Any CPU
		{1EF3B2EA-5C78-463B-A28D-7D5F734B7050}.Release|Any CPU.ActiveCfg = Release|Any CPU
		{1EF3B2EA-5C78-463B-A28D-7D5F734B7050}.Release|Any CPU.Build.0 = Release|Any CPU
		{AC01C554-00D1-469A-9A47-2E70B9A70358}.Debug|Any CPU.ActiveCfg = Debug|Any CPU
		{AC01C554-00D1-469A-9A47-2E70B9A70358}.Debug|Any CPU.Build.0 = Debug|Any CPU
		{AC01C554-00D1-469A-9A47-2E70B9A70358}.Release|Any CPU.ActiveCfg = Release|Any CPU
		{AC01C554-00D1-469A-9A47-2E70B9A70358}.Release|Any CPU.Build.0 = Release|Any CPU
		{16E4EE9E-3A54-41CD-B503-974B8CF8448E}.Debug|Any CPU.ActiveCfg = Debug|Any CPU
		{16E4EE9E-3A54-41CD-B503-974B8CF8448E}.Debug|Any CPU.Build.0 = Debug|Any CPU
		{16E4EE9E-3A54-41CD-B503-974B8CF8448E}.Release|Any CPU.ActiveCfg = Release|Any CPU
		{16E4EE9E-3A54-41CD-B503-974B8CF8448E}.Release|Any CPU.Build.0 = Release|Any CPU
	EndGlobalSection
	GlobalSection(SolutionProperties) = preSolution
		HideSolutionNode = FALSE
	EndGlobalSection
EndGlobal
